
Microsoft Visual Studio Solution File, Format Version 12.00
# Visual Studio 15
VisualStudioVersion = 15.0.26730.12
MinimumVisualStudioVersion = 10.0.40219.1
Project("{FAE04EC0-301F-11D3-BF4B-00C04F79EFBC}") = "ArcarysMolecules", "ArcarysMolecules\ArcarysMolecules.csproj", "{A7EA553B-A71B-4C06-A56C-DB13068FB0AD}"
EndProject
Global
	GlobalSection(SolutionConfigurationPlatforms) = preSolution
		Debug|Any CPU = Debug|Any CPU
		Release|Any CPU = Release|Any CPU
	EndGlobalSection
	GlobalSection(ProjectConfigurationPlatforms) = postSolution
		{A7EA553B-A71B-4C06-A56C-DB13068FB0AD}.Debug|Any CPU.ActiveCfg = Debug|Any CPU
		{A7EA553B-A71B-4C06-A56C-DB13068FB0AD}.Debug|Any CPU.Build.0 = Debug|Any CPU
		{A7EA553B-A71B-4C06-A56C-DB13068FB0AD}.Release|Any CPU.ActiveCfg = Release|Any CPU
		{A7EA553B-A71B-4C06-A56C-DB13068FB0AD}.Release|Any CPU.Build.0 = Release|Any CPU
	EndGlobalSection
	GlobalSection(SolutionProperties) = preSolution
		HideSolutionNode = FALSE
	EndGlobalSection
	GlobalSection(ExtensibilityGlobals) = postSolution
		SolutionGuid = {E3D09057-0E66-4082-8C07-E9B368B2C8B5}
	EndGlobalSection
EndGlobal
